
Microsoft Visual Studio Solution File, Format Version 12.00
# Visual Studio 2013
VisualStudioVersion = 12.0.30723.0
MinimumVisualStudioVersion = 10.0.40219.1
Project("{FAE04EC0-301F-11D3-BF4B-00C04F79EFBC}") = "NEventStore.Persistence.GetEventStore", "NEventStore.Persistence.GetEventStore\NEventStore.Persistence.GetEventStore.csproj", "{393E387E-2305-11E4-AC22-3417EBA2E8A9}"
EndProject
Project("{FAE04EC0-301F-11D3-BF4B-00C04F79EFBC}") = "NEventStore.Persistence.GetEventStore.Tests", "NEventStore.Persistence.GetEventStore.Tests\NEventStore.Persistence.GetEventStore.Tests.csproj", "{36CC54B8-2305-11E4-B34B-3417EBA2E8A9}"
EndProject
Project("{2150E333-8FDC-42A3-9474-1A3956D46DE8}") = ".nuget", ".nuget", "{B4A6B8B2-DB8C-407A-B672-5890F962087E}"
	ProjectSection(SolutionItems) = preProject
		.nuget\NuGet.Config = .nuget\NuGet.Config
		.nuget\NuGet.exe = .nuget\NuGet.exe
		.nuget\NuGet.targets = .nuget\NuGet.targets
	EndProjectSection
EndProject
Project("{FAE04EC0-301F-11D3-BF4B-00C04F79EFBC}") = "NEventStore", "..\dependencies\NEventStore\src\NEventStore\NEventStore.csproj", "{03946843-F343-419C-88EF-3E446D08DFA6}"
EndProject
Project("{FAE04EC0-301F-11D3-BF4B-00C04F79EFBC}") = "NEventStore.Persistence.AcceptanceTests", "..\dependencies\NEventStore\src\NEventStore.Persistence.AcceptanceTests\NEventStore.Persistence.AcceptanceTests.csproj", "{3FE594FE-16FF-4405-97D5-5A58FB12520B}"
EndProject
Project("{2150E333-8FDC-42A3-9474-1A3956D46DE8}") = ".docs", ".docs", "{593D8468-3B2C-4C7E-8F07-1DACC53FCAA9}"
EndProject
Project("{FAE04EC0-301F-11D3-BF4B-00C04F79EFBC}") = "NEventStore.MirroringSample", "NEventStore.MirroringSample\NEventStore.MirroringSample.csproj", "{8F6C60F1-A343-40FD-814F-78BDEAC200B4}"
EndProject
Global
	GlobalSection(SolutionConfigurationPlatforms) = preSolution
		Debug|Any CPU = Debug|Any CPU
		Release|Any CPU = Release|Any CPU
	EndGlobalSection
	GlobalSection(ProjectConfigurationPlatforms) = postSolution
		{393E387E-2305-11E4-AC22-3417EBA2E8A9}.Debug|Any CPU.ActiveCfg = Debug|Any CPU
		{393E387E-2305-11E4-AC22-3417EBA2E8A9}.Debug|Any CPU.Build.0 = Debug|Any CPU
		{393E387E-2305-11E4-AC22-3417EBA2E8A9}.Release|Any CPU.ActiveCfg = Release|Any CPU
		{393E387E-2305-11E4-AC22-3417EBA2E8A9}.Release|Any CPU.Build.0 = Release|Any CPU
		{36CC54B8-2305-11E4-B34B-3417EBA2E8A9}.Debug|Any CPU.ActiveCfg = Debug|Any CPU
		{36CC54B8-2305-11E4-B34B-3417EBA2E8A9}.Debug|Any CPU.Build.0 = Debug|Any CPU
		{36CC54B8-2305-11E4-B34B-3417EBA2E8A9}.Release|Any CPU.ActiveCfg = Release|Any CPU
		{36CC54B8-2305-11E4-B34B-3417EBA2E8A9}.Release|Any CPU.Build.0 = Release|Any CPU
		{03946843-F343-419C-88EF-3E446D08DFA6}.Debug|Any CPU.ActiveCfg = Debug|Any CPU
		{03946843-F343-419C-88EF-3E446D08DFA6}.Debug|Any CPU.Build.0 = Debug|Any CPU
		{03946843-F343-419C-88EF-3E446D08DFA6}.Release|Any CPU.ActiveCfg = Release|Any CPU
		{03946843-F343-419C-88EF-3E446D08DFA6}.Release|Any CPU.Build.0 = Release|Any CPU
		{3FE594FE-16FF-4405-97D5-5A58FB12520B}.Debug|Any CPU.ActiveCfg = Debug|Any CPU
		{3FE594FE-16FF-4405-97D5-5A58FB12520B}.Debug|Any CPU.Build.0 = Debug|Any CPU
		{3FE594FE-16FF-4405-97D5-5A58FB12520B}.Release|Any CPU.ActiveCfg = Release|Any CPU
		{3FE594FE-16FF-4405-97D5-5A58FB12520B}.Release|Any CPU.Build.0 = Release|Any CPU
		{8F6C60F1-A343-40FD-814F-78BDEAC200B4}.Debug|Any CPU.ActiveCfg = Debug|Any CPU
		{8F6C60F1-A343-40FD-814F-78BDEAC200B4}.Debug|Any CPU.Build.0 = Debug|Any CPU
		{8F6C60F1-A343-40FD-814F-78BDEAC200B4}.Release|Any CPU.ActiveCfg = Release|Any CPU
		{8F6C60F1-A343-40FD-814F-78BDEAC200B4}.Release|Any CPU.Build.0 = Release|Any CPU
	EndGlobalSection
	GlobalSection(SolutionProperties) = preSolution
		HideSolutionNode = FALSE
	EndGlobalSection
	GlobalSection(NestedProjects) = preSolution
		{8F6C60F1-A343-40FD-814F-78BDEAC200B4} = {593D8468-3B2C-4C7E-8F07-1DACC53FCAA9}
	EndGlobalSection
EndGlobal
